
Microsoft Visual Studio Solution File, Format Version 12.00
# Visual Studio Version 17
VisualStudioVersion = 17.2.32616.157
MinimumVisualStudioVersion = 10.0.40219.1
Project("{FAE04EC0-301F-11D3-BF4B-00C04F79EFBC}") = "BasketballApp.API", "BasketballApp.API\BasketballApp.API.csproj", "{52492086-706F-4A73-81FC-23246E591D06}"
EndProject
Project("{FAE04EC0-301F-11D3-BF4B-00C04F79EFBC}") = "BasketballApp.Application", "BasketballApp.Application\BasketballApp.Application.csproj", "{2A29BBEB-6B7D-46B5-AC7D-44D725099FEE}"
EndProject
Project("{FAE04EC0-301F-11D3-BF4B-00C04F79EFBC}") = "BasketballApp.Domain", "BasketballApp.Domain\BasketballApp.Domain.csproj", "{FF590654-6145-4155-BB20-869F86C6863B}"
EndProject
Project("{FAE04EC0-301F-11D3-BF4B-00C04F79EFBC}") = "BasketballApp.Infrustructure", "BasketballApp.Infrustructure\BasketballApp.Infrustructure.csproj", "{5007B150-A117-44B2-98C3-735AC32C2801}"
EndProject
Project("{FAE04EC0-301F-11D3-BF4B-00C04F79EFBC}") = "BasketballApp.Tests", "BasketballApp.Tests\BasketballApp.Tests.csproj", "{F8CCCEB8-609B-4B47-8D36-B8509A047CDC}"
EndProject
Global
	GlobalSection(SolutionConfigurationPlatforms) = preSolution
		Debug|Any CPU = Debug|Any CPU
		Release|Any CPU = Release|Any CPU
	EndGlobalSection
	GlobalSection(ProjectConfigurationPlatforms) = postSolution
		{52492086-706F-4A73-81FC-23246E591D06}.Debug|Any CPU.ActiveCfg = Debug|Any CPU
		{52492086-706F-4A73-81FC-23246E591D06}.Debug|Any CPU.Build.0 = Debug|Any CPU
		{52492086-706F-4A73-81FC-23246E591D06}.Release|Any CPU.ActiveCfg = Release|Any CPU
		{52492086-706F-4A73-81FC-23246E591D06}.Release|Any CPU.Build.0 = Release|Any CPU
		{2A29BBEB-6B7D-46B5-AC7D-44D725099FEE}.Debug|Any CPU.ActiveCfg = Debug|Any CPU
		{2A29BBEB-6B7D-46B5-AC7D-44D725099FEE}.Debug|Any CPU.Build.0 = Debug|Any CPU
		{2A29BBEB-6B7D-46B5-AC7D-44D725099FEE}.Release|Any CPU.ActiveCfg = Release|Any CPU
		{2A29BBEB-6B7D-46B5-AC7D-44D725099FEE}.Release|Any CPU.Build.0 = Release|Any CPU
		{FF590654-6145-4155-BB20-869F86C6863B}.Debug|Any CPU.ActiveCfg = Debug|Any CPU
		{FF590654-6145-4155-BB20-869F86C6863B}.Debug|Any CPU.Build.0 = Debug|Any CPU
		{FF590654-6145-4155-BB20-869F86C6863B}.Release|Any CPU.ActiveCfg = Release|Any CPU
		{FF590654-6145-4155-BB20-869F86C6863B}.Release|Any CPU.Build.0 = Release|Any CPU
		{5007B150-A117-44B2-98C3-735AC32C2801}.Debug|Any CPU.ActiveCfg = Debug|Any CPU
		{5007B150-A117-44B2-98C3-735AC32C2801}.Debug|Any CPU.Build.0 = Debug|Any CPU
		{5007B150-A117-44B2-98C3-735AC32C2801}.Release|Any CPU.ActiveCfg = Release|Any CPU
		{5007B150-A117-44B2-98C3-735AC32C2801}.Release|Any CPU.Build.0 = Release|Any CPU
		{F8CCCEB8-609B-4B47-8D36-B8509A047CDC}.Debug|Any CPU.ActiveCfg = Debug|Any CPU
		{F8CCCEB8-609B-4B47-8D36-B8509A047CDC}.Debug|Any CPU.Build.0 = Debug|Any CPU
		{F8CCCEB8-609B-4B47-8D36-B8509A047CDC}.Release|Any CPU.ActiveCfg = Release|Any CPU
		{F8CCCEB8-609B-4B47-8D36-B8509A047CDC}.Release|Any CPU.Build.0 = Release|Any CPU
	EndGlobalSection
	GlobalSection(SolutionProperties) = preSolution
		HideSolutionNode = FALSE
	EndGlobalSection
	GlobalSection(ExtensibilityGlobals) = postSolution
		SolutionGuid = {821B348B-3D4D-47A9-A82B-D5A7BDB07D68}
	EndGlobalSection
EndGlobal
